
Microsoft Visual Studio Solution File, Format Version 12.00
# Visual Studio 15
VisualStudioVersion = 15.0.27703.2042
MinimumVisualStudioVersion = 10.0.40219.1
Project("{2150E333-8FDC-42A3-9474-1A3956D46DE8}") = "01-PayEntities", "01-PayEntities", "{60CB5455-5615-47AE-A62F-764457691167}"
EndProject
Project("{2150E333-8FDC-42A3-9474-1A3956D46DE8}") = "02-PayRpository", "02-PayRpository", "{910EABD8-3146-4541-9F54-B72975E52921}"
EndProject
Project("{2150E333-8FDC-42A3-9474-1A3956D46DE8}") = "03-PayModels", "03-PayModels", "{4D8AA8E0-3CF1-4987-87E4-862BA1207DE5}"
EndProject
Project("{2150E333-8FDC-42A3-9474-1A3956D46DE8}") = "04-PayBll", "04-PayBll", "{64B80A6B-9953-46A4-B03A-54A8A855066F}"
EndProject
Project("{2150E333-8FDC-42A3-9474-1A3956D46DE8}") = "05-PayService", "05-PayService", "{223A39A7-1F0A-41DE-84FE-E7D7C66B05C0}"
EndProject
Project("{9A19103F-16F7-4668-BE54-9A1E7A4F7556}") = "PayEntities", "01-PayEntities\PayEntities\PayEntities.csproj", "{436CB2A3-14CF-4BD5-AF0C-4C594DAD83B4}"
EndProject
Project("{9A19103F-16F7-4668-BE54-9A1E7A4F7556}") = "Admin.PayRpository", "02-PayRpository\Admin.PayRpository\Admin.PayRpository.csproj", "{537DA81B-4EAB-4B77-AEF5-ED75ED1B42CD}"
EndProject
Project("{2150E333-8FDC-42A3-9474-1A3956D46DE8}") = "06-PasyWeb", "06-PasyWeb", "{96A9E4F4-E9AC-49C4-B432-569BA296C645}"
EndProject
Project("{FAE04EC0-301F-11D3-BF4B-00C04F79EFBC}") = "Merchant.PayRpository", "02-PayRpository\Merchant.PayRpository\Merchant.PayRpository.csproj", "{12EFE195-0647-47B3-A4BE-8DF03C060C3F}"
EndProject
Project("{FAE04EC0-301F-11D3-BF4B-00C04F79EFBC}") = "CustomerService.PayRpository", "02-PayRpository\CustomerService.PayRpository\CustomerService.PayRpository.csproj", "{DA51F58F-A9FB-4FA1-B348-094FCBE59EF8}"
EndProject
Project("{FAE04EC0-301F-11D3-BF4B-00C04F79EFBC}") = "Admin.PayModel", "03-PayModels\Admin.PayModel\Admin.PayModel.csproj", "{B6F4F120-9488-424B-BDE3-7685421FF0F1}"
EndProject
Project("{FAE04EC0-301F-11D3-BF4B-00C04F79EFBC}") = "CustomerService.Model", "03-PayModels\CustomerService.Model\CustomerService.Model.csproj", "{1C2C9CBE-B4E4-4F6E-BC3B-4F1A7D4CE432}"
EndProject
Project("{FAE04EC0-301F-11D3-BF4B-00C04F79EFBC}") = "Merchant.PayModel", "03-PayModels\Merchant.PayModel\Merchant.PayModel.csproj", "{F5AACA7F-7112-4479-AB8E-0114DB7DBBF8}"
EndProject
Project("{FAE04EC0-301F-11D3-BF4B-00C04F79EFBC}") = "Admin.PayBll", "04-PayBll\Admin.PayBll\Admin.PayBll.csproj", "{0FCAA465-6331-4742-A424-EB499CAB5C21}"
EndProject
Project("{FAE04EC0-301F-11D3-BF4B-00C04F79EFBC}") = "CustomerService.PayBll", "04-PayBll\CustomerService.PayBll\CustomerService.PayBll.csproj", "{55F7BA3E-41BE-4A8E-A467-C1482C7AA439}"
EndProject
Project("{FAE04EC0-301F-11D3-BF4B-00C04F79EFBC}") = "Merchant.PayBll", "04-PayBll\Merchant.PayBll\Merchant.PayBll.csproj", "{A1D4BF0D-7067-47BD-881F-EF5536F768ED}"
EndProject
Project("{FAE04EC0-301F-11D3-BF4B-00C04F79EFBC}") = "Admin.PayService", "05-PayService\Admin.PayService\Admin.PayService.csproj", "{2821B401-682E-480B-9278-519334CFB456}"
EndProject
Project("{FAE04EC0-301F-11D3-BF4B-00C04F79EFBC}") = "CustomerService.PayService", "05-PayService\CustomerService.PayService\CustomerService.PayService.csproj", "{2B7BAB44-95B1-4137-97BF-F716C42D32E9}"
EndProject
Project("{FAE04EC0-301F-11D3-BF4B-00C04F79EFBC}") = "Merchant.PayService", "05-PayService\Merchant.PayService\Merchant.PayService.csproj", "{26E42ADF-079A-406C-9F38-6596FD4D501B}"
EndProject
Project("{2150E333-8FDC-42A3-9474-1A3956D46DE8}") = "00-PayBase", "00-PayBase", "{366C9219-FAC6-4532-A317-0A842177241C}"
EndProject
Project("{9A19103F-16F7-4668-BE54-9A1E7A4F7556}") = "Base.PayRpository", "00-PayBase\Base.PayRpository\Base.PayRpository.csproj", "{853CCCDA-9645-4CC1-B4B9-473609A15D83}"
EndProject
Global
	GlobalSection(SolutionConfigurationPlatforms) = preSolution
		Debug|Any CPU = Debug|Any CPU
		Release|Any CPU = Release|Any CPU
	EndGlobalSection
	GlobalSection(ProjectConfigurationPlatforms) = postSolution
		{436CB2A3-14CF-4BD5-AF0C-4C594DAD83B4}.Debug|Any CPU.ActiveCfg = Debug|Any CPU
		{436CB2A3-14CF-4BD5-AF0C-4C594DAD83B4}.Debug|Any CPU.Build.0 = Debug|Any CPU
		{436CB2A3-14CF-4BD5-AF0C-4C594DAD83B4}.Release|Any CPU.ActiveCfg = Release|Any CPU
		{436CB2A3-14CF-4BD5-AF0C-4C594DAD83B4}.Release|Any CPU.Build.0 = Release|Any CPU
		{537DA81B-4EAB-4B77-AEF5-ED75ED1B42CD}.Debug|Any CPU.ActiveCfg = Debug|Any CPU
		{537DA81B-4EAB-4B77-AEF5-ED75ED1B42CD}.Debug|Any CPU.Build.0 = Debug|Any CPU
		{537DA81B-4EAB-4B77-AEF5-ED75ED1B42CD}.Release|Any CPU.ActiveCfg = Release|Any CPU
		{537DA81B-4EAB-4B77-AEF5-ED75ED1B42CD}.Release|Any CPU.Build.0 = Release|Any CPU
		{12EFE195-0647-47B3-A4BE-8DF03C060C3F}.Debug|Any CPU.ActiveCfg = Debug|Any CPU
		{12EFE195-0647-47B3-A4BE-8DF03C060C3F}.Debug|Any CPU.Build.0 = Debug|Any CPU
		{12EFE195-0647-47B3-A4BE-8DF03C060C3F}.Release|Any CPU.ActiveCfg = Release|Any CPU
		{12EFE195-0647-47B3-A4BE-8DF03C060C3F}.Release|Any CPU.Build.0 = Release|Any CPU
		{DA51F58F-A9FB-4FA1-B348-094FCBE59EF8}.Debug|Any CPU.ActiveCfg = Debug|Any CPU
		{DA51F58F-A9FB-4FA1-B348-094FCBE59EF8}.Debug|Any CPU.Build.0 = Debug|Any CPU
		{DA51F58F-A9FB-4FA1-B348-094FCBE59EF8}.Release|Any CPU.ActiveCfg = Release|Any CPU
		{DA51F58F-A9FB-4FA1-B348-094FCBE59EF8}.Release|Any CPU.Build.0 = Release|Any CPU
		{B6F4F120-9488-424B-BDE3-7685421FF0F1}.Debug|Any CPU.ActiveCfg = Debug|Any CPU
		{B6F4F120-9488-424B-BDE3-7685421FF0F1}.Debug|Any CPU.Build.0 = Debug|Any CPU
		{B6F4F120-9488-424B-BDE3-7685421FF0F1}.Release|Any CPU.ActiveCfg = Release|Any CPU
		{B6F4F120-9488-424B-BDE3-7685421FF0F1}.Release|Any CPU.Build.0 = Release|Any CPU
		{1C2C9CBE-B4E4-4F6E-BC3B-4F1A7D4CE432}.Debug|Any CPU.ActiveCfg = Debug|Any CPU
		{1C2C9CBE-B4E4-4F6E-BC3B-4F1A7D4CE432}.Debug|Any CPU.Build.0 = Debug|Any CPU
		{1C2C9CBE-B4E4-4F6E-BC3B-4F1A7D4CE432}.Release|Any CPU.ActiveCfg = Release|Any CPU
		{1C2C9CBE-B4E4-4F6E-BC3B-4F1A7D4CE432}.Release|Any CPU.Build.0 = Release|Any CPU
		{F5AACA7F-7112-4479-AB8E-0114DB7DBBF8}.Debug|Any CPU.ActiveCfg = Debug|Any CPU
		{F5AACA7F-7112-4479-AB8E-0114DB7DBBF8}.Debug|Any CPU.Build.0 = Debug|Any CPU
		{F5AACA7F-7112-4479-AB8E-0114DB7DBBF8}.Release|Any CPU.ActiveCfg = Release|Any CPU
		{F5AACA7F-7112-4479-AB8E-0114DB7DBBF8}.Release|Any CPU.Build.0 = Release|Any CPU
		{0FCAA465-6331-4742-A424-EB499CAB5C21}.Debug|Any CPU.ActiveCfg = Debug|Any CPU
		{0FCAA465-6331-4742-A424-EB499CAB5C21}.Debug|Any CPU.Build.0 = Debug|Any CPU
		{0FCAA465-6331-4742-A424-EB499CAB5C21}.Release|Any CPU.ActiveCfg = Release|Any CPU
		{0FCAA465-6331-4742-A424-EB499CAB5C21}.Release|Any CPU.Build.0 = Release|Any CPU
		{55F7BA3E-41BE-4A8E-A467-C1482C7AA439}.Debug|Any CPU.ActiveCfg = Debug|Any CPU
		{55F7BA3E-41BE-4A8E-A467-C1482C7AA439}.Debug|Any CPU.Build.0 = Debug|Any CPU
		{55F7BA3E-41BE-4A8E-A467-C1482C7AA439}.Release|Any CPU.ActiveCfg = Release|Any CPU
		{55F7BA3E-41BE-4A8E-A467-C1482C7AA439}.Release|Any CPU.Build.0 = Release|Any CPU
		{A1D4BF0D-7067-47BD-881F-EF5536F768ED}.Debug|Any CPU.ActiveCfg = Debug|Any CPU
		{A1D4BF0D-7067-47BD-881F-EF5536F768ED}.Debug|Any CPU.Build.0 = Debug|Any CPU
		{A1D4BF0D-7067-47BD-881F-EF5536F768ED}.Release|Any CPU.ActiveCfg = Release|Any CPU
		{A1D4BF0D-7067-47BD-881F-EF5536F768ED}.Release|Any CPU.Build.0 = Release|Any CPU
		{2821B401-682E-480B-9278-519334CFB456}.Debug|Any CPU.ActiveCfg = Debug|Any CPU
		{2821B401-682E-480B-9278-519334CFB456}.Debug|Any CPU.Build.0 = Debug|Any CPU
		{2821B401-682E-480B-9278-519334CFB456}.Release|Any CPU.ActiveCfg = Release|Any CPU
		{2821B401-682E-480B-9278-519334CFB456}.Release|Any CPU.Build.0 = Release|Any CPU
		{2B7BAB44-95B1-4137-97BF-F716C42D32E9}.Debug|Any CPU.ActiveCfg = Debug|Any CPU
		{2B7BAB44-95B1-4137-97BF-F716C42D32E9}.Debug|Any CPU.Build.0 = Debug|Any CPU
		{2B7BAB44-95B1-4137-97BF-F716C42D32E9}.Release|Any CPU.ActiveCfg = Release|Any CPU
		{2B7BAB44-95B1-4137-97BF-F716C42D32E9}.Release|Any CPU.Build.0 = Release|Any CPU
		{26E42ADF-079A-406C-9F38-6596FD4D501B}.Debug|Any CPU.ActiveCfg = Debug|Any CPU
		{26E42ADF-079A-406C-9F38-6596FD4D501B}.Debug|Any CPU.Build.0 = Debug|Any CPU
		{26E42ADF-079A-406C-9F38-6596FD4D501B}.Release|Any CPU.ActiveCfg = Release|Any CPU
		{26E42ADF-079A-406C-9F38-6596FD4D501B}.Release|Any CPU.Build.0 = Release|Any CPU
		{853CCCDA-9645-4CC1-B4B9-473609A15D83}.Debug|Any CPU.ActiveCfg = Debug|Any CPU
		{853CCCDA-9645-4CC1-B4B9-473609A15D83}.Debug|Any CPU.Build.0 = Debug|Any CPU
		{853CCCDA-9645-4CC1-B4B9-473609A15D83}.Release|Any CPU.ActiveCfg = Release|Any CPU
		{853CCCDA-9645-4CC1-B4B9-473609A15D83}.Release|Any CPU.Build.0 = Release|Any CPU
	EndGlobalSection
	GlobalSection(SolutionProperties) = preSolution
		HideSolutionNode = FALSE
	EndGlobalSection
	GlobalSection(NestedProjects) = preSolution
		{436CB2A3-14CF-4BD5-AF0C-4C594DAD83B4} = {60CB5455-5615-47AE-A62F-764457691167}
		{537DA81B-4EAB-4B77-AEF5-ED75ED1B42CD} = {910EABD8-3146-4541-9F54-B72975E52921}
		{12EFE195-0647-47B3-A4BE-8DF03C060C3F} = {910EABD8-3146-4541-9F54-B72975E52921}
		{DA51F58F-A9FB-4FA1-B348-094FCBE59EF8} = {910EABD8-3146-4541-9F54-B72975E52921}
		{B6F4F120-9488-424B-BDE3-7685421FF0F1} = {4D8AA8E0-3CF1-4987-87E4-862BA1207DE5}
		{1C2C9CBE-B4E4-4F6E-BC3B-4F1A7D4CE432} = {4D8AA8E0-3CF1-4987-87E4-862BA1207DE5}
		{F5AACA7F-7112-4479-AB8E-0114DB7DBBF8} = {4D8AA8E0-3CF1-4987-87E4-862BA1207DE5}
		{0FCAA465-6331-4742-A424-EB499CAB5C21} = {64B80A6B-9953-46A4-B03A-54A8A855066F}
		{55F7BA3E-41BE-4A8E-A467-C1482C7AA439} = {64B80A6B-9953-46A4-B03A-54A8A855066F}
		{A1D4BF0D-7067-47BD-881F-EF5536F768ED} = {64B80A6B-9953-46A4-B03A-54A8A855066F}
		{2821B401-682E-480B-9278-519334CFB456} = {223A39A7-1F0A-41DE-84FE-E7D7C66B05C0}
		{2B7BAB44-95B1-4137-97BF-F716C42D32E9} = {223A39A7-1F0A-41DE-84FE-E7D7C66B05C0}
		{26E42ADF-079A-406C-9F38-6596FD4D501B} = {223A39A7-1F0A-41DE-84FE-E7D7C66B05C0}
		{853CCCDA-9645-4CC1-B4B9-473609A15D83} = {366C9219-FAC6-4532-A317-0A842177241C}
	EndGlobalSection
	GlobalSection(ExtensibilityGlobals) = postSolution
		SolutionGuid = {FE784A64-1030-4D71-B6A8-A65F99DA9822}
	EndGlobalSection
EndGlobal
