
Microsoft Visual Studio Solution File, Format Version 12.00
# Visual Studio 15
VisualStudioVersion = 15.0.27703.2042
MinimumVisualStudioVersion = 10.0.40219.1
Project("{2150E333-8FDC-42A3-9474-1A3956D46DE8}") = "01-PayEntities", "01-PayEntities", "{60CB5455-5615-47AE-A62F-764457691167}"
EndProject
Project("{2150E333-8FDC-42A3-9474-1A3956D46DE8}") = "02-PayDal", "02-PayDal", "{910EABD8-3146-4541-9F54-B72975E52921}"
EndProject
Project("{2150E333-8FDC-42A3-9474-1A3956D46DE8}") = "03-PayModels", "03-PayModels", "{4D8AA8E0-3CF1-4987-87E4-862BA1207DE5}"
EndProject
Project("{2150E333-8FDC-42A3-9474-1A3956D46DE8}") = "04-PayBll", "04-PayBll", "{64B80A6B-9953-46A4-B03A-54A8A855066F}"
EndProject
Project("{2150E333-8FDC-42A3-9474-1A3956D46DE8}") = "05-PayService", "05-PayService", "{223A39A7-1F0A-41DE-84FE-E7D7C66B05C0}"
EndProject
Project("{9A19103F-16F7-4668-BE54-9A1E7A4F7556}") = "PayEntities", "01-PayEntities\PayEntities\PayEntities.csproj", "{436CB2A3-14CF-4BD5-AF0C-4C594DAD83B4}"
EndProject
Project("{2150E333-8FDC-42A3-9474-1A3956D46DE8}") = "06-PasyWeb", "06-PasyWeb", "{96A9E4F4-E9AC-49C4-B432-569BA296C645}"
EndProject
Project("{9A19103F-16F7-4668-BE54-9A1E7A4F7556}") = "Admin.PayModel", "03-PayModels\Admin.PayModel\Admin.PayModel.csproj", "{B6F4F120-9488-424B-BDE3-7685421FF0F1}"
EndProject
Project("{9A19103F-16F7-4668-BE54-9A1E7A4F7556}") = "Merchant.PayModel", "03-PayModels\Merchant.PayModel\Merchant.PayModel.csproj", "{F5AACA7F-7112-4479-AB8E-0114DB7DBBF8}"
EndProject
Project("{9A19103F-16F7-4668-BE54-9A1E7A4F7556}") = "Admin.PayBll", "04-PayBll\Admin.PayBll\Admin.PayBll.csproj", "{0FCAA465-6331-4742-A424-EB499CAB5C21}"
EndProject
Project("{9A19103F-16F7-4668-BE54-9A1E7A4F7556}") = "Merchant.PayBll", "04-PayBll\Merchant.PayBll\Merchant.PayBll.csproj", "{A1D4BF0D-7067-47BD-881F-EF5536F768ED}"
EndProject
Project("{9A19103F-16F7-4668-BE54-9A1E7A4F7556}") = "Merchant.PayService", "05-PayService\Merchant.PayService\Merchant.PayService.csproj", "{26E42ADF-079A-406C-9F38-6596FD4D501B}"
EndProject
Project("{2150E333-8FDC-42A3-9474-1A3956D46DE8}") = "00-PayBase", "00-PayBase", "{366C9219-FAC6-4532-A317-0A842177241C}"
EndProject
Project("{9A19103F-16F7-4668-BE54-9A1E7A4F7556}") = "Base.Common", "00-PayBase\Base.Common\Base.Common.csproj", "{E087CFE2-7CA5-44B9-B4CF-E2B1F33B77EC}"
EndProject
Project("{2150E333-8FDC-42A3-9474-1A3956D46DE8}") = "07-Tester", "07-Tester", "{9069B9D2-8F7C-43C7-986F-11A9EF99F4AA}"
EndProject
Project("{9A19103F-16F7-4668-BE54-9A1E7A4F7556}") = "Tester.PayConsole", "07-Tester\Tester.PayConsole\Tester.PayConsole.csproj", "{3640583F-5900-4EE9-9519-76DBB4425509}"
EndProject
Project("{9A19103F-16F7-4668-BE54-9A1E7A4F7556}") = "Tester.PayWeb", "07-Tester\Tester.PayWeb\Tester.PayWeb.csproj", "{669D3757-3A1C-4021-916B-B94DAF8514AF}"
EndProject
Project("{9A19103F-16F7-4668-BE54-9A1E7A4F7556}") = "PayDal.Ganerator", "02-PayDal\PayDal.Ganerator\PayDal.Ganerator.csproj", "{A8241581-CF2E-4194-9903-B2804A0EFF88}"
EndProject
Project("{FAE04EC0-301F-11D3-BF4B-00C04F79EFBC}") = "Customer.Model", "03-PayModels\Customer.Model\Customer.Model.csproj", "{95ECF225-E4C8-4F03-BAD1-83DDBF55EED3}"
EndProject
Project("{FAE04EC0-301F-11D3-BF4B-00C04F79EFBC}") = "Customer.PayBll", "04-PayBll\Customer.PayBll\Customer.PayBll.csproj", "{DF587DD3-34D8-4280-8EF0-B38DE04E8B27}"
EndProject
Project("{FAE04EC0-301F-11D3-BF4B-00C04F79EFBC}") = "Admin.PayService", "05-PayService\Admin.PayService\Admin.PayService.csproj", "{24C426E4-9E9C-4F23-93BF-031DC2E978C0}"
EndProject
Project("{FAE04EC0-301F-11D3-BF4B-00C04F79EFBC}") = "Customer.PayService", "05-PayService\Customer.PayService\Customer.PayService.csproj", "{607747A0-0281-443C-B180-CCB089991726}"
EndProject
Project("{9A19103F-16F7-4668-BE54-9A1E7A4F7556}") = "Base.Rpository", "02-PayDal\Base.Rpository\Base.Rpository.csproj", "{BDCFF734-9881-40BB-A640-1F7C6EE5020A}"
EndProject
Project("{FAE04EC0-301F-11D3-BF4B-00C04F79EFBC}") = "Base.PayBll", "04-PayBll\Base.PayBll\Base.PayBll.csproj", "{EA943B8E-8330-4DE7-9194-67FE6D981BCC}"
EndProject
Project("{FAE04EC0-301F-11D3-BF4B-00C04F79EFBC}") = "PaySys.Rpository", "02-PayDal\PaySys.Rpository\PaySys.Rpository.csproj", "{3D7EBA8A-C557-4196-AF1E-5A0D74B76431}"
EndProject
Project("{FAE04EC0-301F-11D3-BF4B-00C04F79EFBC}") = "Base.WebCore", "00-PayBase\Base.WebCore\Base.WebCore.csproj", "{06688EB7-E438-47C2-B900-777DCE73E195}"
EndProject
Global
	GlobalSection(SolutionConfigurationPlatforms) = preSolution
		Debug|Any CPU = Debug|Any CPU
		Release|Any CPU = Release|Any CPU
	EndGlobalSection
	GlobalSection(ProjectConfigurationPlatforms) = postSolution
		{436CB2A3-14CF-4BD5-AF0C-4C594DAD83B4}.Debug|Any CPU.ActiveCfg = Debug|Any CPU
		{436CB2A3-14CF-4BD5-AF0C-4C594DAD83B4}.Debug|Any CPU.Build.0 = Debug|Any CPU
		{436CB2A3-14CF-4BD5-AF0C-4C594DAD83B4}.Release|Any CPU.ActiveCfg = Release|Any CPU
		{436CB2A3-14CF-4BD5-AF0C-4C594DAD83B4}.Release|Any CPU.Build.0 = Release|Any CPU
		{B6F4F120-9488-424B-BDE3-7685421FF0F1}.Debug|Any CPU.ActiveCfg = Debug|Any CPU
		{B6F4F120-9488-424B-BDE3-7685421FF0F1}.Debug|Any CPU.Build.0 = Debug|Any CPU
		{B6F4F120-9488-424B-BDE3-7685421FF0F1}.Release|Any CPU.ActiveCfg = Release|Any CPU
		{B6F4F120-9488-424B-BDE3-7685421FF0F1}.Release|Any CPU.Build.0 = Release|Any CPU
		{F5AACA7F-7112-4479-AB8E-0114DB7DBBF8}.Debug|Any CPU.ActiveCfg = Debug|Any CPU
		{F5AACA7F-7112-4479-AB8E-0114DB7DBBF8}.Debug|Any CPU.Build.0 = Debug|Any CPU
		{F5AACA7F-7112-4479-AB8E-0114DB7DBBF8}.Release|Any CPU.ActiveCfg = Release|Any CPU
		{F5AACA7F-7112-4479-AB8E-0114DB7DBBF8}.Release|Any CPU.Build.0 = Release|Any CPU
		{0FCAA465-6331-4742-A424-EB499CAB5C21}.Debug|Any CPU.ActiveCfg = Debug|Any CPU
		{0FCAA465-6331-4742-A424-EB499CAB5C21}.Debug|Any CPU.Build.0 = Debug|Any CPU
		{0FCAA465-6331-4742-A424-EB499CAB5C21}.Release|Any CPU.ActiveCfg = Release|Any CPU
		{0FCAA465-6331-4742-A424-EB499CAB5C21}.Release|Any CPU.Build.0 = Release|Any CPU
		{A1D4BF0D-7067-47BD-881F-EF5536F768ED}.Debug|Any CPU.ActiveCfg = Debug|Any CPU
		{A1D4BF0D-7067-47BD-881F-EF5536F768ED}.Debug|Any CPU.Build.0 = Debug|Any CPU
		{A1D4BF0D-7067-47BD-881F-EF5536F768ED}.Release|Any CPU.ActiveCfg = Release|Any CPU
		{A1D4BF0D-7067-47BD-881F-EF5536F768ED}.Release|Any CPU.Build.0 = Release|Any CPU
		{26E42ADF-079A-406C-9F38-6596FD4D501B}.Debug|Any CPU.ActiveCfg = Debug|Any CPU
		{26E42ADF-079A-406C-9F38-6596FD4D501B}.Debug|Any CPU.Build.0 = Debug|Any CPU
		{26E42ADF-079A-406C-9F38-6596FD4D501B}.Release|Any CPU.ActiveCfg = Release|Any CPU
		{26E42ADF-079A-406C-9F38-6596FD4D501B}.Release|Any CPU.Build.0 = Release|Any CPU
		{E087CFE2-7CA5-44B9-B4CF-E2B1F33B77EC}.Debug|Any CPU.ActiveCfg = Debug|Any CPU
		{E087CFE2-7CA5-44B9-B4CF-E2B1F33B77EC}.Debug|Any CPU.Build.0 = Debug|Any CPU
		{E087CFE2-7CA5-44B9-B4CF-E2B1F33B77EC}.Release|Any CPU.ActiveCfg = Release|Any CPU
		{E087CFE2-7CA5-44B9-B4CF-E2B1F33B77EC}.Release|Any CPU.Build.0 = Release|Any CPU
		{3640583F-5900-4EE9-9519-76DBB4425509}.Debug|Any CPU.ActiveCfg = Debug|Any CPU
		{3640583F-5900-4EE9-9519-76DBB4425509}.Debug|Any CPU.Build.0 = Debug|Any CPU
		{3640583F-5900-4EE9-9519-76DBB4425509}.Release|Any CPU.ActiveCfg = Release|Any CPU
		{3640583F-5900-4EE9-9519-76DBB4425509}.Release|Any CPU.Build.0 = Release|Any CPU
		{669D3757-3A1C-4021-916B-B94DAF8514AF}.Debug|Any CPU.ActiveCfg = Debug|Any CPU
		{669D3757-3A1C-4021-916B-B94DAF8514AF}.Debug|Any CPU.Build.0 = Debug|Any CPU
		{669D3757-3A1C-4021-916B-B94DAF8514AF}.Release|Any CPU.ActiveCfg = Release|Any CPU
		{669D3757-3A1C-4021-916B-B94DAF8514AF}.Release|Any CPU.Build.0 = Release|Any CPU
		{A8241581-CF2E-4194-9903-B2804A0EFF88}.Debug|Any CPU.ActiveCfg = Debug|Any CPU
		{A8241581-CF2E-4194-9903-B2804A0EFF88}.Debug|Any CPU.Build.0 = Debug|Any CPU
		{A8241581-CF2E-4194-9903-B2804A0EFF88}.Release|Any CPU.ActiveCfg = Release|Any CPU
		{A8241581-CF2E-4194-9903-B2804A0EFF88}.Release|Any CPU.Build.0 = Release|Any CPU
		{95ECF225-E4C8-4F03-BAD1-83DDBF55EED3}.Debug|Any CPU.ActiveCfg = Debug|Any CPU
		{95ECF225-E4C8-4F03-BAD1-83DDBF55EED3}.Debug|Any CPU.Build.0 = Debug|Any CPU
		{95ECF225-E4C8-4F03-BAD1-83DDBF55EED3}.Release|Any CPU.ActiveCfg = Release|Any CPU
		{95ECF225-E4C8-4F03-BAD1-83DDBF55EED3}.Release|Any CPU.Build.0 = Release|Any CPU
		{DF587DD3-34D8-4280-8EF0-B38DE04E8B27}.Debug|Any CPU.ActiveCfg = Debug|Any CPU
		{DF587DD3-34D8-4280-8EF0-B38DE04E8B27}.Debug|Any CPU.Build.0 = Debug|Any CPU
		{DF587DD3-34D8-4280-8EF0-B38DE04E8B27}.Release|Any CPU.ActiveCfg = Release|Any CPU
		{DF587DD3-34D8-4280-8EF0-B38DE04E8B27}.Release|Any CPU.Build.0 = Release|Any CPU
		{24C426E4-9E9C-4F23-93BF-031DC2E978C0}.Debug|Any CPU.ActiveCfg = Debug|Any CPU
		{24C426E4-9E9C-4F23-93BF-031DC2E978C0}.Debug|Any CPU.Build.0 = Debug|Any CPU
		{24C426E4-9E9C-4F23-93BF-031DC2E978C0}.Release|Any CPU.ActiveCfg = Release|Any CPU
		{24C426E4-9E9C-4F23-93BF-031DC2E978C0}.Release|Any CPU.Build.0 = Release|Any CPU
		{607747A0-0281-443C-B180-CCB089991726}.Debug|Any CPU.ActiveCfg = Debug|Any CPU
		{607747A0-0281-443C-B180-CCB089991726}.Debug|Any CPU.Build.0 = Debug|Any CPU
		{607747A0-0281-443C-B180-CCB089991726}.Release|Any CPU.ActiveCfg = Release|Any CPU
		{607747A0-0281-443C-B180-CCB089991726}.Release|Any CPU.Build.0 = Release|Any CPU
		{BDCFF734-9881-40BB-A640-1F7C6EE5020A}.Debug|Any CPU.ActiveCfg = Debug|Any CPU
		{BDCFF734-9881-40BB-A640-1F7C6EE5020A}.Debug|Any CPU.Build.0 = Debug|Any CPU
		{BDCFF734-9881-40BB-A640-1F7C6EE5020A}.Release|Any CPU.ActiveCfg = Release|Any CPU
		{BDCFF734-9881-40BB-A640-1F7C6EE5020A}.Release|Any CPU.Build.0 = Release|Any CPU
		{EA943B8E-8330-4DE7-9194-67FE6D981BCC}.Debug|Any CPU.ActiveCfg = Debug|Any CPU
		{EA943B8E-8330-4DE7-9194-67FE6D981BCC}.Debug|Any CPU.Build.0 = Debug|Any CPU
		{EA943B8E-8330-4DE7-9194-67FE6D981BCC}.Release|Any CPU.ActiveCfg = Release|Any CPU
		{EA943B8E-8330-4DE7-9194-67FE6D981BCC}.Release|Any CPU.Build.0 = Release|Any CPU
		{3D7EBA8A-C557-4196-AF1E-5A0D74B76431}.Debug|Any CPU.ActiveCfg = Debug|Any CPU
		{3D7EBA8A-C557-4196-AF1E-5A0D74B76431}.Debug|Any CPU.Build.0 = Debug|Any CPU
		{3D7EBA8A-C557-4196-AF1E-5A0D74B76431}.Release|Any CPU.ActiveCfg = Release|Any CPU
		{3D7EBA8A-C557-4196-AF1E-5A0D74B76431}.Release|Any CPU.Build.0 = Release|Any CPU
		{06688EB7-E438-47C2-B900-777DCE73E195}.Debug|Any CPU.ActiveCfg = Debug|Any CPU
		{06688EB7-E438-47C2-B900-777DCE73E195}.Debug|Any CPU.Build.0 = Debug|Any CPU
		{06688EB7-E438-47C2-B900-777DCE73E195}.Release|Any CPU.ActiveCfg = Release|Any CPU
		{06688EB7-E438-47C2-B900-777DCE73E195}.Release|Any CPU.Build.0 = Release|Any CPU
	EndGlobalSection
	GlobalSection(SolutionProperties) = preSolution
		HideSolutionNode = FALSE
	EndGlobalSection
	GlobalSection(NestedProjects) = preSolution
		{436CB2A3-14CF-4BD5-AF0C-4C594DAD83B4} = {60CB5455-5615-47AE-A62F-764457691167}
		{B6F4F120-9488-424B-BDE3-7685421FF0F1} = {4D8AA8E0-3CF1-4987-87E4-862BA1207DE5}
		{F5AACA7F-7112-4479-AB8E-0114DB7DBBF8} = {4D8AA8E0-3CF1-4987-87E4-862BA1207DE5}
		{0FCAA465-6331-4742-A424-EB499CAB5C21} = {64B80A6B-9953-46A4-B03A-54A8A855066F}
		{A1D4BF0D-7067-47BD-881F-EF5536F768ED} = {64B80A6B-9953-46A4-B03A-54A8A855066F}
		{26E42ADF-079A-406C-9F38-6596FD4D501B} = {223A39A7-1F0A-41DE-84FE-E7D7C66B05C0}
		{E087CFE2-7CA5-44B9-B4CF-E2B1F33B77EC} = {366C9219-FAC6-4532-A317-0A842177241C}
		{3640583F-5900-4EE9-9519-76DBB4425509} = {9069B9D2-8F7C-43C7-986F-11A9EF99F4AA}
		{669D3757-3A1C-4021-916B-B94DAF8514AF} = {9069B9D2-8F7C-43C7-986F-11A9EF99F4AA}
		{A8241581-CF2E-4194-9903-B2804A0EFF88} = {910EABD8-3146-4541-9F54-B72975E52921}
		{95ECF225-E4C8-4F03-BAD1-83DDBF55EED3} = {4D8AA8E0-3CF1-4987-87E4-862BA1207DE5}
		{DF587DD3-34D8-4280-8EF0-B38DE04E8B27} = {64B80A6B-9953-46A4-B03A-54A8A855066F}
		{24C426E4-9E9C-4F23-93BF-031DC2E978C0} = {223A39A7-1F0A-41DE-84FE-E7D7C66B05C0}
		{607747A0-0281-443C-B180-CCB089991726} = {223A39A7-1F0A-41DE-84FE-E7D7C66B05C0}
		{BDCFF734-9881-40BB-A640-1F7C6EE5020A} = {910EABD8-3146-4541-9F54-B72975E52921}
		{EA943B8E-8330-4DE7-9194-67FE6D981BCC} = {64B80A6B-9953-46A4-B03A-54A8A855066F}
		{3D7EBA8A-C557-4196-AF1E-5A0D74B76431} = {910EABD8-3146-4541-9F54-B72975E52921}
		{06688EB7-E438-47C2-B900-777DCE73E195} = {366C9219-FAC6-4532-A317-0A842177241C}
	EndGlobalSection
	GlobalSection(ExtensibilityGlobals) = postSolution
		SolutionGuid = {FE784A64-1030-4D71-B6A8-A65F99DA9822}
	EndGlobalSection
EndGlobal
